{
	"name": "@webrts/core",
	"version": "0.0.1",
	"lockfileVersion": 1,
	"requires": true,
	"dependencies": {
		"@svgdotjs/svg.js": {
			"version": "3.0.16",
			"resolved": "https://registry.npmjs.org/@svgdotjs/svg.js/-/svg.js-3.0.16.tgz",
			"integrity": "sha512-yZ4jfP/SeLHEnCi9PIrzienKCrA4vW9+jm5uUV3N5DG2e9zgXLY5FgywK2u8/gMFIeKO0HuqTLFFfWJj+MfMLA=="
		},
		"@types/uuid": {
			"version": "7.0.2",
			"resolved": "https://registry.npmjs.org/@types/uuid/-/uuid-7.0.2.tgz",
			"integrity": "sha512-8Ly3zIPTnT0/8RCU6Kg/G3uTICf9sRwYOpUzSIM3503tLIKcnJPRuinHhXngJUy2MntrEf6dlpOHXJju90Qh5w==",
			"dev": true
		},
		"svg.js": {
			"version": "2.7.1",
			"resolved": "https://registry.npmjs.org/svg.js/-/svg.js-2.7.1.tgz",
			"integrity": "sha512-ycbxpizEQktk3FYvn/8BH+6/EuWXg7ZpQREJvgacqn46gIddG24tNNe4Son6omdXCnSOaApnpZw6MPCBA1dODA=="
		},
		"uuid": {
			"version": "7.0.2",
			"resolved": "https://registry.npmjs.org/uuid/-/uuid-7.0.2.tgz",
			"integrity": "sha512-vy9V/+pKG+5ZTYKf+VcphF5Oc6EFiu3W8Nv3P3zIh0EqVI80ZxOzuPfe9EHjkFNvf8+xuTHVeei4Drydlx4zjw=="
		}
	}
}
