{
  "name": "@webrts/core",
  "version": "0.0.2",
  "lockfileVersion": 1,
  "requires": true,
  "dependencies": {
    "@svgdotjs/svg.js": {
      "version": "3.0.16",
      "resolved": "https://registry.npmjs.org/@svgdotjs/svg.js/-/svg.js-3.0.16.tgz",
      "integrity": "sha512-yZ4jfP/SeLHEnCi9PIrzienKCrA4vW9+jm5uUV3N5DG2e9zgXLY5FgywK2u8/gMFIeKO0HuqTLFFfWJj+MfMLA=="
    },
    "@types/uuid": {
      "version": "7.0.2",
      "resolved": "https://registry.npmjs.org/@types/uuid/-/uuid-7.0.2.tgz",
      "integrity": "sha512-8Ly3zIPTnT0/8RCU6Kg/G3uTICf9sRwYOpUzSIM3503tLIKcnJPRuinHhXngJUy2MntrEf6dlpOHXJju90Qh5w==",
      "dev": true
    },
    "astar-typescript": {
      "version": "1.1.6",
      "resolved": "https://registry.npmjs.org/astar-typescript/-/astar-typescript-1.1.6.tgz",
      "integrity": "sha512-WGUaaF5LPRrZhLW0SvI8LgfNsKim6vWzCumjz0O/jeIFPrnUPGRVc46+2XtHpB16kQ687dt2V34nWWdwRZ2Low==",
      "requires": {
        "lodash": "4.17.15"
      }
    },
    "lodash": {
      "version": "4.17.15",
      "resolved": "https://registry.npmjs.org/lodash/-/lodash-4.17.15.tgz",
      "integrity": "sha512-8xOcRHvCjnocdS5cpwXQXVzmmh5e5+saE2QGoeQmbKmRS6J3VQppPOIt0MnmE+4xlZoumy0GPG0D0MVIQbNA1A=="
    },
    "svg.js": {
      "version": "2.7.1",
      "resolved": "https://registry.npmjs.org/svg.js/-/svg.js-2.7.1.tgz",
      "integrity": "sha512-ycbxpizEQktk3FYvn/8BH+6/EuWXg7ZpQREJvgacqn46gIddG24tNNe4Son6omdXCnSOaApnpZw6MPCBA1dODA=="
    },
    "uuid": {
      "version": "7.0.2",
      "resolved": "https://registry.npmjs.org/uuid/-/uuid-7.0.2.tgz",
      "integrity": "sha512-vy9V/+pKG+5ZTYKf+VcphF5Oc6EFiu3W8Nv3P3zIh0EqVI80ZxOzuPfe9EHjkFNvf8+xuTHVeei4Drydlx4zjw=="
    }
  }
}
